
Microsoft Visual Studio Solution File, Format Version 12.00
# Visual Studio Version 17
VisualStudioVersion = 17.3.32922.545
MinimumVisualStudioVersion = 10.0.40219.1
Project("{FAE04EC0-301F-11D3-BF4B-00C04F79EFBC}") = "Leapyear", "Leapyear.csproj", "{493A5148-1445-45AA-A3EC-670C5A2B7457}"
EndProject
Global
	GlobalSection(SolutionConfigurationPlatforms) = preSolution
		Debug|Any CPU = Debug|Any CPU
		Release|Any CPU = Release|Any CPU
	EndGlobalSection
	GlobalSection(ProjectConfigurationPlatforms) = postSolution
		{493A5148-1445-45AA-A3EC-670C5A2B7457}.Debug|Any CPU.ActiveCfg = Debug|Any CPU
		{493A5148-1445-45AA-A3EC-670C5A2B7457}.Debug|Any CPU.Build.0 = Debug|Any CPU
		{493A5148-1445-45AA-A3EC-670C5A2B7457}.Release|Any CPU.ActiveCfg = Release|Any CPU
		{493A5148-1445-45AA-A3EC-670C5A2B7457}.Release|Any CPU.Build.0 = Release|Any CPU
	EndGlobalSection
	GlobalSection(SolutionProperties) = preSolution
		HideSolutionNode = FALSE
	EndGlobalSection
	GlobalSection(ExtensibilityGlobals) = postSolution
		SolutionGuid = {A516F5FE-6146-40F0-8CC1-9543CD67506B}
	EndGlobalSection
EndGlobal
